
Microsoft Visual Studio Solution File, Format Version 12.00
# Visual Studio 15
VisualStudioVersion = 15.0.28307.852
MinimumVisualStudioVersion = 10.0.40219.1
Project("{8BC9CEB8-8B4A-11D0-8D11-00A0C91BC942}") = "ofxSteamAudio", "ofxSteamAudio\ofxSteamAudio.vcxproj", "{18A1F8FF-3AA1-4579-B166-C494FE9565F0}"
	ProjectSection(ProjectDependencies) = postProject
		{5837595D-ACA9-485C-8E76-729040CE4B0B} = {5837595D-ACA9-485C-8E76-729040CE4B0B}
	EndProjectSection
EndProject
Project("{8BC9CEB8-8B4A-11D0-8D11-00A0C91BC942}") = "openframeworksLib", "..\..\libs\openFrameworksCompiled\project\vs\openframeworksLib.vcxproj", "{5837595D-ACA9-485C-8E76-729040CE4B0B}"
EndProject
Global
	GlobalSection(SolutionConfigurationPlatforms) = preSolution
		Debug|x64 = Debug|x64
		Debug|x86 = Debug|x86
		Release|x64 = Release|x64
		Release|x86 = Release|x86
	EndGlobalSection
	GlobalSection(ProjectConfigurationPlatforms) = postSolution
		{18A1F8FF-3AA1-4579-B166-C494FE9565F0}.Debug|x64.ActiveCfg = Debug|x64
		{18A1F8FF-3AA1-4579-B166-C494FE9565F0}.Debug|x64.Build.0 = Debug|x64
		{18A1F8FF-3AA1-4579-B166-C494FE9565F0}.Debug|x86.ActiveCfg = Debug|Win32
		{18A1F8FF-3AA1-4579-B166-C494FE9565F0}.Debug|x86.Build.0 = Debug|Win32
		{18A1F8FF-3AA1-4579-B166-C494FE9565F0}.Release|x64.ActiveCfg = Release|x64
		{18A1F8FF-3AA1-4579-B166-C494FE9565F0}.Release|x64.Build.0 = Release|x64
		{18A1F8FF-3AA1-4579-B166-C494FE9565F0}.Release|x86.ActiveCfg = Release|Win32
		{18A1F8FF-3AA1-4579-B166-C494FE9565F0}.Release|x86.Build.0 = Release|Win32
		{5837595D-ACA9-485C-8E76-729040CE4B0B}.Debug|x64.ActiveCfg = Debug|x64
		{5837595D-ACA9-485C-8E76-729040CE4B0B}.Debug|x64.Build.0 = Debug|x64
		{5837595D-ACA9-485C-8E76-729040CE4B0B}.Debug|x86.ActiveCfg = Debug|Win32
		{5837595D-ACA9-485C-8E76-729040CE4B0B}.Debug|x86.Build.0 = Debug|Win32
		{5837595D-ACA9-485C-8E76-729040CE4B0B}.Release|x64.ActiveCfg = Release|x64
		{5837595D-ACA9-485C-8E76-729040CE4B0B}.Release|x64.Build.0 = Release|x64
		{5837595D-ACA9-485C-8E76-729040CE4B0B}.Release|x86.ActiveCfg = Release|Win32
		{5837595D-ACA9-485C-8E76-729040CE4B0B}.Release|x86.Build.0 = Release|Win32
	EndGlobalSection
	GlobalSection(SolutionProperties) = preSolution
		HideSolutionNode = FALSE
	EndGlobalSection
	GlobalSection(ExtensibilityGlobals) = postSolution
		SolutionGuid = {AF7775AB-BC46-4817-9687-B5C395FC9FAC}
	EndGlobalSection
EndGlobal
